
Microsoft Visual Studio Solution File, Format Version 12.00
# Visual Studio Version 17
VisualStudioVersion = 17.14.36705.20 d17.14
MinimumVisualStudioVersion = 10.0.40219.1
Project("{FAE04EC0-301F-11D3-BF4B-00C04F79EFBC}") = "YDeveloper", "YDeveloper\YDeveloper.csproj", "{B2BE9F32-6FC5-4936-897A-F1AE1436F5FD}"
EndProject
Global
	GlobalSection(SolutionConfigurationPlatforms) = preSolution
		Debug|Any CPU = Debug|Any CPU
		Release|Any CPU = Release|Any CPU
	EndGlobalSection
	GlobalSection(ProjectConfigurationPlatforms) = postSolution
		{B2BE9F32-6FC5-4936-897A-F1AE1436F5FD}.Debug|Any CPU.ActiveCfg = Debug|Any CPU
		{B2BE9F32-6FC5-4936-897A-F1AE1436F5FD}.Debug|Any CPU.Build.0 = Debug|Any CPU
		{B2BE9F32-6FC5-4936-897A-F1AE1436F5FD}.Release|Any CPU.ActiveCfg = Release|Any CPU
		{B2BE9F32-6FC5-4936-897A-F1AE1436F5FD}.Release|Any CPU.Build.0 = Release|Any CPU
	EndGlobalSection
	GlobalSection(SolutionProperties) = preSolution
		HideSolutionNode = FALSE
	EndGlobalSection
	GlobalSection(ExtensibilityGlobals) = postSolution
		SolutionGuid = {997B6AC9-49FC-4E09-8FAF-7FF04A7855C7}
	EndGlobalSection
EndGlobal
